Microsoft Visual Studio Solution File, Format Version 12.00
# Visual Studio Version 17
VisualStudioVersion = 17.5.2.0
MinimumVisualStudioVersion = 10.0.40219.1
Project("{2150E333-8FDC-42A3-9474-1A3956D46DE8}") = "05-deploy-docker", "05-deploy-docker", "{5A6B6691-E737-DE3C-B5F5-78A2185940AE}"
EndProject
Project("{2150E333-8FDC-42A3-9474-1A3956D46DE8}") = "06-laboratorio", "06-laboratorio", "{815765A3-D1B9-0B3A-1992-2C766275841E}"
EndProject
Project("{2150E333-8FDC-42A3-9474-1A3956D46DE8}") = "01-inicio", "01-inicio", "{D9384FF1-54B6-6D60-84D7-143883093AE2}"
EndProject
Project("{2150E333-8FDC-42A3-9474-1A3956D46DE8}") = "backend", "backend", "{B02FA9DF-1308-28E5-53A6-CC4531C3D1F2}"
EndProject
Project("{FAE04EC0-301F-11D3-BF4B-00C04F79EFBC}") = "MangaApi", "05-deploy-docker\06-laboratorio\01-inicio\backend\MangaApi.csproj", "{42FD423B-2946-A57F-8B9A-A1BF001CD2F1}"
EndProject
Global
	GlobalSection(SolutionConfigurationPlatforms) = preSolution
		Debug|Any CPU = Debug|Any CPU
		Release|Any CPU = Release|Any CPU
	EndGlobalSection
	GlobalSection(ProjectConfigurationPlatforms) = postSolution
		{42FD423B-2946-A57F-8B9A-A1BF001CD2F1}.Debug|Any CPU.ActiveCfg = Debug|Any CPU
		{42FD423B-2946-A57F-8B9A-A1BF001CD2F1}.Debug|Any CPU.Build.0 = Debug|Any CPU
		{42FD423B-2946-A57F-8B9A-A1BF001CD2F1}.Release|Any CPU.ActiveCfg = Release|Any CPU
		{42FD423B-2946-A57F-8B9A-A1BF001CD2F1}.Release|Any CPU.Build.0 = Release|Any CPU
	EndGlobalSection
	GlobalSection(SolutionProperties) = preSolution
		HideSolutionNode = FALSE
	EndGlobalSection
	GlobalSection(NestedProjects) = preSolution
		{815765A3-D1B9-0B3A-1992-2C766275841E} = {5A6B6691-E737-DE3C-B5F5-78A2185940AE}
		{D9384FF1-54B6-6D60-84D7-143883093AE2} = {815765A3-D1B9-0B3A-1992-2C766275841E}
		{B02FA9DF-1308-28E5-53A6-CC4531C3D1F2} = {D9384FF1-54B6-6D60-84D7-143883093AE2}
		{42FD423B-2946-A57F-8B9A-A1BF001CD2F1} = {B02FA9DF-1308-28E5-53A6-CC4531C3D1F2}
	EndGlobalSection
	GlobalSection(ExtensibilityGlobals) = postSolution
		SolutionGuid = {C54EEAEE-0916-463F-A5DC-5CED91010D59}
	EndGlobalSection
EndGlobal
